
Microsoft Visual Studio Solution File, Format Version 11.00
# Visual C# Express 2010
Project("{FAE04EC0-301F-11D3-BF4B-00C04F79EFBC}") = "Ano Bissexto", "Ano Bissexto\Ano Bissexto.csproj", "{F5F72B08-51C1-47FF-84BD-93C8378EFB07}"
EndProject
Global
	GlobalSection(SolutionConfigurationPlatforms) = preSolution
		Debug|x86 = Debug|x86
		Release|x86 = Release|x86
	EndGlobalSection
	GlobalSection(ProjectConfigurationPlatforms) = postSolution
		{F5F72B08-51C1-47FF-84BD-93C8378EFB07}.Debug|x86.ActiveCfg = Debug|x86
		{F5F72B08-51C1-47FF-84BD-93C8378EFB07}.Debug|x86.Build.0 = Debug|x86
		{F5F72B08-51C1-47FF-84BD-93C8378EFB07}.Release|x86.ActiveCfg = Release|x86
		{F5F72B08-51C1-47FF-84BD-93C8378EFB07}.Release|x86.Build.0 = Release|x86
	EndGlobalSection
	GlobalSection(SolutionProperties) = preSolution
		HideSolutionNode = FALSE
	EndGlobalSection
EndGlobal
