
Microsoft Visual Studio Solution File, Format Version 11.00
# Visual C# Express 2010
Project("{FAE04EC0-301F-11D3-BF4B-00C04F79EFBC}") = "Soma dos 100 num tirando a med e mult", "Soma dos 100 num tirando a med e mult\Soma dos 100 num tirando a med e mult.csproj", "{FD4EDBD6-87B7-436B-8A5F-C250E23FE6F8}"
EndProject
Global
	GlobalSection(SolutionConfigurationPlatforms) = preSolution
		Debug|x86 = Debug|x86
		Release|x86 = Release|x86
	EndGlobalSection
	GlobalSection(ProjectConfigurationPlatforms) = postSolution
		{FD4EDBD6-87B7-436B-8A5F-C250E23FE6F8}.Debug|x86.ActiveCfg = Debug|x86
		{FD4EDBD6-87B7-436B-8A5F-C250E23FE6F8}.Debug|x86.Build.0 = Debug|x86
		{FD4EDBD6-87B7-436B-8A5F-C250E23FE6F8}.Release|x86.ActiveCfg = Release|x86
		{FD4EDBD6-87B7-436B-8A5F-C250E23FE6F8}.Release|x86.Build.0 = Release|x86
	EndGlobalSection
	GlobalSection(SolutionProperties) = preSolution
		HideSolutionNode = FALSE
	EndGlobalSection
EndGlobal
