
Microsoft Visual Studio Solution File, Format Version 11.00
# Visual C# Express 2010
Project("{FAE04EC0-301F-11D3-BF4B-00C04F79EFBC}") = "Area do Trapézio - Exercicio de Fixação 3", "Area do Trapézio - Exercicio de Fixação 3\Area do Trapézio - Exercicio de Fixação 3.csproj", "{8057F8A2-A869-48F0-B317-A5400C6B0CE9}"
EndProject
Global
	GlobalSection(SolutionConfigurationPlatforms) = preSolution
		Debug|x86 = Debug|x86
		Release|x86 = Release|x86
	EndGlobalSection
	GlobalSection(ProjectConfigurationPlatforms) = postSolution
		{8057F8A2-A869-48F0-B317-A5400C6B0CE9}.Debug|x86.ActiveCfg = Debug|x86
		{8057F8A2-A869-48F0-B317-A5400C6B0CE9}.Debug|x86.Build.0 = Debug|x86
		{8057F8A2-A869-48F0-B317-A5400C6B0CE9}.Release|x86.ActiveCfg = Release|x86
		{8057F8A2-A869-48F0-B317-A5400C6B0CE9}.Release|x86.Build.0 = Release|x86
	EndGlobalSection
	GlobalSection(SolutionProperties) = preSolution
		HideSolutionNode = FALSE
	EndGlobalSection
EndGlobal
